
Microsoft Visual Studio Solution File, Format Version 12.00
# Visual Studio 15
VisualStudioVersion = 15.0.26228.64
MinimumVisualStudioVersion = 10.0.40219.1
Project("{FAE04EC0-301F-11D3-BF4B-00C04F79EFBC}") = "Flynn.SPAddin.Contacts", "Flynn.SPAddin.Contacts\Flynn.SPAddin.Contacts.csproj", "{3F994B11-B1C7-4995-87E5-BDE2C47C256C}"
EndProject
Global
	GlobalSection(SolutionConfigurationPlatforms) = preSolution
		Debug|Any CPU = Debug|Any CPU
		Release|Any CPU = Release|Any CPU
	EndGlobalSection
	GlobalSection(ProjectConfigurationPlatforms) = postSolution
		{3F994B11-B1C7-4995-87E5-BDE2C47C256C}.Debug|Any CPU.ActiveCfg = Debug|Any CPU
		{3F994B11-B1C7-4995-87E5-BDE2C47C256C}.Debug|Any CPU.Build.0 = Debug|Any CPU
		{3F994B11-B1C7-4995-87E5-BDE2C47C256C}.Debug|Any CPU.Deploy.0 = Debug|Any CPU
		{3F994B11-B1C7-4995-87E5-BDE2C47C256C}.Release|Any CPU.ActiveCfg = Release|Any CPU
		{3F994B11-B1C7-4995-87E5-BDE2C47C256C}.Release|Any CPU.Build.0 = Release|Any CPU
		{3F994B11-B1C7-4995-87E5-BDE2C47C256C}.Release|Any CPU.Deploy.0 = Release|Any CPU
	EndGlobalSection
	GlobalSection(SolutionProperties) = preSolution
		HideSolutionNode = FALSE
	EndGlobalSection
EndGlobal
